// !$*UTF8*$!
{
	archiveVersion = 1;
	classes = {
	};
	objectVersion = 46;
	objects = {

/* Begin PBXBuildFile section */
		C61CDB161CFF1CF500CC0892 /* main.m in Sources */ = {isa = PBXBuildFile; fileRef = C61CDB151CFF1CF500CC0892 /* main.m */; };
		C61CDB191CFF1CF500CC0892 /* AppDelegate.m in Sources */ = {isa = PBXBuildFile; fileRef = C61CDB181CFF1CF500CC0892 /* AppDelegate.m */; };
		C61CDB1C1CFF1CF500CC0892 /* ViewController.m in Sources */ = {isa = PBXBuildFile; fileRef = C61CDB1B1CFF1CF500CC0892 /* ViewController.m */; };
		C61CDB1F1CFF1CF500CC0892 /* Main.storyboard in Resources */ = {isa = PBXBuildFile; fileRef = C61CDB1D1CFF1CF500CC0892 /* Main.storyboard */; };
		C61CDB211CFF1CF500CC0892 /* Assets.xcassets in Resources */ = {isa = PBXBuildFile; fileRef = C61CDB201CFF1CF500CC0892 /* Assets.xcassets */; };
		C61CDB241CFF1CF500CC0892 /* LaunchScreen.storyboard in Resources */ = {isa = PBXBuildFile; fileRef = C61CDB221CFF1CF500CC0892 /* LaunchScreen.storyboard */; };
		C61CDB2D1CFF2EFA00CC0892 /* ResultViewController.m in Sources */ = {isa = PBXBuildFile; fileRef = C61CDB2C1CFF2EFA00CC0892 /* ResultViewController.m */; };
		C61CDB301CFF58B400CC0892 /* TableViewController.m in Sources */ = {isa = PBXBuildFile; fileRef = C61CDB2F1CFF58B400CC0892 /* TableViewController.m */; };
/* End PBXBuildFile section */

/* Begin PBXFileReference section */
		C61CDB111CFF1CF500CC0892 /* SpellGuide.app */ = {isa = PBXFileReference; explicitFileType = wrapper.application; includeInIndex = 0; path = SpellGuide.app; sourceTree = BUILT_PRODUCTS_DIR; };
		C61CDB151CFF1CF500CC0892 /* main.m */ = {isa = PBXFileReference; lastKnownFileType = sourcecode.c.objc; path = main.m; sourceTree = "<group>"; };
		C61CDB171CFF1CF500CC0892 /* AppDelegate.h */ = {isa = PBXFileReference; lastKnownFileType = sourcecode.c.h; path = AppDelegate.h; sourceTree = "<group>"; };
		C61CDB181CFF1CF500CC0892 /* AppDelegate.m */ = {isa = PBXFileReference; lastKnownFileType = sourcecode.c.objc; path = AppDelegate.m; sourceTree = "<group>"; };
		C61CDB1A1CFF1CF500CC0892 /* ViewController.h */ = {isa = PBXFileReference; lastKnownFileType = sourcecode.c.h; path = ViewController.h; sourceTree = "<group>"; };
		C61CDB1B1CFF1CF500CC0892 /* ViewController.m */ = {isa = PBXFileReference; lastKnownFileType = sourcecode.c.objc; path = ViewController.m; sourceTree = "<group>"; };
		C61CDB1E1CFF1CF500CC0892 /* Base */ = {isa = PBXFileReference; lastKnownFileType = file.storyboard; name = Base; path = Base.lproj/Main.storyboard; sourceTree = "<group>"; };
		C61CDB201CFF1CF500CC0892 /* Assets.xcassets */ = {isa = PBXFileReference; lastKnownFileType = folder.assetcatalog; path = Assets.xcassets; sourceTree = "<group>"; };
		C61CDB231CFF1CF500CC0892 /* Base */ = {isa = PBXFileReference; lastKnownFileType = file.storyboard; name = Base; path = Base.lproj/LaunchScreen.storyboard; sourceTree = "<group>"; };
		C61CDB251CFF1CF500CC0892 /* Info.plist */ = {isa = PBXFileReference; lastKnownFileType = text.plist.xml; path = Info.plist; sourceTree = "<group>"; };
		C61CDB2B1CFF2EFA00CC0892 /* ResultViewController.h */ = {isa = PBXFileReference; fileEncoding = 4; lastKnownFileType = sourcecode.c.h; name = ResultViewController.h; path = SpellGuide/ResultViewController.h; sourceTree = "<group>"; };
		C61CDB2C1CFF2EFA00CC0892 /* ResultViewController.m */ = {isa = PBXFileReference; fileEncoding = 4; lastKnownFileType = sourcecode.c.objc; name = ResultViewController.m; path = SpellGuide/ResultViewController.m; sourceTree = "<group>"; };
		C61CDB2E1CFF58B400CC0892 /* TableViewController.h */ = {isa = PBXFileReference; fileEncoding = 4; lastKnownFileType = sourcecode.c.h; path = TableViewController.h; sourceTree = "<group>"; };
		C61CDB2F1CFF58B400CC0892 /* TableViewController.m */ = {isa = PBXFileReference; fileEncoding = 4; lastKnownFileType = sourcecode.c.objc; path = TableViewController.m; sourceTree = "<group>"; };
/* End PBXFileReference section */

/* Begin PBXFrameworksBuildPhase section */
		C61CDB0E1CFF1CF500CC0892 /* Frameworks */ = {
			isa = PBXFrameworksBuildPhase;
			buildActionMask = 2147483647;
			files = (
			);
			runOnlyForDeploymentPostprocessing = 0;
		};
/* End PBXFrameworksBuildPhase section */

/* Begin PBXGroup section */
		C61CDB081CFF1CF500CC0892 = {
			isa = PBXGroup;
			children = (
				C61CDB2B1CFF2EFA00CC0892 /* ResultViewController.h */,
				C61CDB2C1CFF2EFA00CC0892 /* ResultViewController.m */,
				C61CDB131CFF1CF500CC0892 /* SpellGuide */,
				C61CDB121CFF1CF500CC0892 /* Products */,
			);
			sourceTree = "<group>";
		};
		C61CDB121CFF1CF500CC0892 /* Products */ = {
			isa = PBXGroup;
			children = (
				C61CDB111CFF1CF500CC0892 /* SpellGuide.app */,
			);
			name = Products;
			sourceTree = "<group>";
		};
		C61CDB131CFF1CF500CC0892 /* SpellGuide */ = {
			isa = PBXGroup;
			children = (
				C61CDB171CFF1CF500CC0892 /* AppDelegate.h */,
				C61CDB181CFF1CF500CC0892 /* AppDelegate.m */,
				C61CDB1A1CFF1CF500CC0892 /* ViewController.h */,
				C61CDB1B1CFF1CF500CC0892 /* ViewController.m */,
				C61CDB1D1CFF1CF500CC0892 /* Main.storyboard */,
				C61CDB2E1CFF58B400CC0892 /* TableViewController.h */,
				C61CDB2F1CFF58B400CC0892 /* TableViewController.m */,
				C61CDB201CFF1CF500CC0892 /* Assets.xcassets */,
				C61CDB221CFF1CF500CC0892 /* LaunchScreen.storyboard */,
				C61CDB251CFF1CF500CC0892 /* Info.plist */,
				C61CDB141CFF1CF500CC0892 /* Supporting Files */,
			);
			path = SpellGuide;
			sourceTree = "<group>";
		};
		C61CDB141CFF1CF500CC0892 /* Supporting Files */ = {
			isa = PBXGroup;
			children = (
				C61CDB151CFF1CF500CC0892 /* main.m */,
			);
			name = "Supporting Files";
			sourceTree = "<group>";
		};
/* End PBXGroup section */

/* Begin PBXNativeTarget section */
		C61CDB101CFF1CF500CC0892 /* SpellGuide */ = {
			isa = PBXNativeTarget;
			buildConfigurationList = C61CDB281CFF1CF500CC0892 /* Build configuration list for PBXNativeTarget "SpellGuide" */;
			buildPhases = (
				C61CDB0D1CFF1CF500CC0892 /* Sources */,
				C61CDB0E1CFF1CF500CC0892 /* Frameworks */,
				C61CDB0F1CFF1CF500CC0892 /* Resources */,
			);
			buildRules = (
			);
			dependencies = (
			);
			name = SpellGuide;
			productName = SpellGuide;
			productReference = C61CDB111CFF1CF500CC0892 /* SpellGuide.app */;
			productType = "com.apple.product-type.application";
		};
/* End PBXNativeTarget section */

/* Begin PBXProject section */
		C61CDB091CFF1CF500CC0892 /* Project object */ = {
			isa = PBXProject;
			attributes = {
				LastUpgradeCheck = 0730;
				ORGANIZATIONNAME = DetroitLabs;
				TargetAttributes = {
					C61CDB101CFF1CF500CC0892 = {
						CreatedOnToolsVersion = 7.3.1;
					};
				};
			};
			buildConfigurationList = C61CDB0C1CFF1CF500CC0892 /* Build configuration list for PBXProject "SpellGuide" */;
			compatibilityVersion = "Xcode 3.2";
			developmentRegion = English;
			hasScannedForEncodings = 0;
			knownRegions = (
				en,
				Base,
			);
			mainGroup = C61CDB081CFF1CF500CC0892;
			productRefGroup = C61CDB121CFF1CF500CC0892 /* Products */;
			projectDirPath = "";
			projectRoot = "";
			targets = (
				C61CDB101CFF1CF500CC0892 /* SpellGuide */,
			);
		};
/* End PBXProject section */

/* Begin PBXResourcesBuildPhase section */
		C61CDB0F1CFF1CF500CC0892 /* Resources */ = {
			isa = PBXResourcesBuildPhase;
			buildActionMask = 2147483647;
			files = (
				C61CDB241CFF1CF500CC0892 /* LaunchScreen.storyboard in Resources */,
				C61CDB211CFF1CF500CC0892 /* Assets.xcassets in Resources */,
				C61CDB1F1CFF1CF500CC0892 /* Main.storyboard in Resources */,
			);
			runOnlyForDeploymentPostprocessing = 0;
		};
/* End PBXResourcesBuildPhase section */

/* Begin PBXSourcesBuildPhase section */
		C61CDB0D1CFF1CF500CC0892 /* Sources */ = {
			isa = PBXSourcesBuildPhase;
			buildActionMask = 2147483647;
			files = (
				C61CDB1C1CFF1CF500CC0892 /* ViewController.m in Sources */,
				C61CDB191CFF1CF500CC0892 /* AppDelegate.m in Sources */,
				C61CDB161CFF1CF500CC0892 /* main.m in Sources */,
				C61CDB301CFF58B400CC0892 /* TableViewController.m in Sources */,
				C61CDB2D1CFF2EFA00CC0892 /* ResultViewController.m in Sources */,
			);
			runOnlyForDeploymentPostprocessing = 0;
		};
/* End PBXSourcesBuildPhase section */

/* Begin PBXVariantGroup section */
		C61CDB1D1CFF1CF500CC0892 /* Main.storyboard */ = {
			isa = PBXVariantGroup;
			children = (
				C61CDB1E1CFF1CF500CC0892 /* Base */,
			);
			name = Main.storyboard;
			sourceTree = "<group>";
		};
		C61CDB221CFF1CF500CC0892 /* LaunchScreen.storyboard */ = {
			isa = PBXVariantGroup;
			children = (
				C61CDB231CFF1CF500CC0892 /* Base */,
			);
			name = LaunchScreen.storyboard;
			sourceTree = "<group>";
		};
/* End PBXVariantGroup section */

/* Begin XCBuildConfiguration section */
		C61CDB261CFF1CF500CC0892 /* Debug */ = {
			isa = XCBuildConfiguration;
			buildSettings = {
				ALWAYS_SEARCH_USER_PATHS = NO;
				CLANG_ANALYZER_NONNULL = YES;
				CLANG_CXX_LANGUAGE_STANDARD = "gnu++0x";
				CLANG_CXX_LIBRARY = "libc++";
				CLANG_ENABLE_MODULES = YES;
				CLANG_ENABLE_OBJC_ARC = YES;
				CLANG_WARN_BOOL_CONVERSION = YES;
				CLANG_WARN_CONSTANT_CONVERSION = YES;
				CLANG_WARN_DIRECT_OBJC_ISA_USAGE = YES_ERROR;
				CLANG_WARN_EMPTY_BODY = YES;
				CLANG_WARN_ENUM_CONVERSION = YES;
				CLANG_WARN_INT_CONVERSION = YES;
				CLANG_WARN_OBJC_ROOT_CLASS = YES_ERROR;
				CLANG_WARN_UNREACHABLE_CODE = YES;
				CLANG_WARN__DUPLICATE_METHOD_MATCH = YES;
				"CODE_SIGN_IDENTITY[sdk=iphoneos*]" = "iPhone Developer";
				COPY_PHASE_STRIP = NO;
				DEBUG_INFORMATION_FORMAT = dwarf;
				ENABLE_STRICT_OBJC_MSGSEND = YES;
				ENABLE_TESTABILITY = YES;
				GCC_C_LANGUAGE_STANDARD = gnu99;
				GCC_DYNAMIC_NO_PIC = NO;
				GCC_NO_COMMON_BLOCKS = YES;
				GCC_OPTIMIZATION_LEVEL = 0;
				GCC_PREPROCESSOR_DEFINITIONS = (
					"DEBUG=1",
					"$(inherited)",
				);
				GCC_WARN_64_TO_32_BIT_CONVERSION = YES;
				GCC_WARN_ABOUT_RETURN_TYPE = YES_ERROR;
				GCC_WARN_UNDECLARED_SELECTOR = YES;
				GCC_WARN_UNINITIALIZED_AUTOS = YES_AGGRESSIVE;
				GCC_WARN_UNUSED_FUNCTION = YES;
				GCC_WARN_UNUSED_VARIABLE = YES;
				IPHONEOS_DEPLOYMENT_TARGET = 9.3;
				MTL_ENABLE_DEBUG_INFO = YES;
				ONLY_ACTIVE_ARCH = YES;
				SDKROOT = iphoneos;
			};
			name = Debug;
		};
		C61CDB271CFF1CF500CC0892 /* Release */ = {
			isa = XCBuildConfiguration;
			buildSettings = {
				ALWAYS_SEARCH_USER_PATHS = NO;
				CLANG_ANALYZER_NONNULL = YES;
				CLANG_CXX_LANGUAGE_STANDARD = "gnu++0x";
				CLANG_CXX_LIBRARY = "libc++";
				CLANG_ENABLE_MODULES = YES;
				CLANG_ENABLE_OBJC_ARC = YES;
				CLANG_WARN_BOOL_CONVERSION = YES;
				CLANG_WARN_CONSTANT_CONVERSION = YES;
				CLANG_WARN_DIRECT_OBJC_ISA_USAGE = YES_ERROR;
				CLANG_WARN_EMPTY_BODY = YES;
				CLANG_WARN_ENUM_CONVERSION = YES;
				CLANG_WARN_INT_CONVERSION = YES;
				CLANG_WARN_OBJC_ROOT_CLASS = YES_ERROR;
				CLANG_WARN_UNREACHABLE_CODE = YES;
				CLANG_WARN__DUPLICATE_METHOD_MATCH = YES;
				"CODE_SIGN_IDENTITY[sdk=iphoneos*]" = "iPhone Developer";
				COPY_PHASE_STRIP = NO;
				DEBUG_INFORMATION_FORMAT = "dwarf-with-dsym";
				ENABLE_NS_ASSERTIONS = NO;
				ENABLE_STRICT_OBJC_MSGSEND = YES;
				GCC_C_LANGUAGE_STANDARD = gnu99;
				GCC_NO_COMMON_BLOCKS = YES;
				GCC_WARN_64_TO_32_BIT_CONVERSION = YES;
				GCC_WARN_ABOUT_RETURN_TYPE = YES_ERROR;
				GCC_WARN_UNDECLARED_SELECTOR = YES;
				GCC_WARN_UNINITIALIZED_AUTOS = YES_AGGRESSIVE;
				GCC_WARN_UNUSED_FUNCTION = YES;
				GCC_WARN_UNUSED_VARIABLE = YES;
				IPHONEOS_DEPLOYMENT_TARGET = 9.3;
				MTL_ENABLE_DEBUG_INFO = NO;
				SDKROOT = iphoneos;
				VALIDATE_PRODUCT = YES;
			};
			name = Release;
		};
		C61CDB291CFF1CF500CC0892 /* Debug */ = {
			isa = XCBuildConfiguration;
			buildSettings = {
				ASSETCATALOG_COMPILER_APPICON_NAME = AppIcon;
				INFOPLIST_FILE = SpellGuide/Info.plist;
				LD_RUNPATH_SEARCH_PATHS = "$(inherited) @executable_path/Frameworks";
				PRODUCT_BUNDLE_IDENTIFIER = com.detroitlabs.SpellGuide;
				PRODUCT_NAME = "$(TARGET_NAME)";
			};
			name = Debug;
		};
		C61CDB2A1CFF1CF500CC0892 /* Release */ = {
			isa = XCBuildConfiguration;
			buildSettings = {
				ASSETCATALOG_COMPILER_APPICON_NAME = AppIcon;
				INFOPLIST_FILE = SpellGuide/Info.plist;
				LD_RUNPATH_SEARCH_PATHS = "$(inherited) @executable_path/Frameworks";
				PRODUCT_BUNDLE_IDENTIFIER = com.detroitlabs.SpellGuide;
				PRODUCT_NAME = "$(TARGET_NAME)";
			};
			name = Release;
		};
/* End XCBuildConfiguration section */

/* Begin XCConfigurationList section */
		C61CDB0C1CFF1CF500CC0892 /* Build configuration list for PBXProject "SpellGuide" */ = {
			isa = XCConfigurationList;
			buildConfigurations = (
				C61CDB261CFF1CF500CC0892 /* Debug */,
				C61CDB271CFF1CF500CC0892 /* Release */,
			);
			defaultConfigurationIsVisible = 0;
			defaultConfigurationName = Release;
		};
		C61CDB281CFF1CF500CC0892 /* Build configuration list for PBXNativeTarget "SpellGuide" */ = {
			isa = XCConfigurationList;
			buildConfigurations = (
				C61CDB291CFF1CF500CC0892 /* Debug */,
				C61CDB2A1CFF1CF500CC0892 /* Release */,
			);
			defaultConfigurationIsVisible = 0;
		};
/* End XCConfigurationList section */
	};
	rootObject = C61CDB091CFF1CF500CC0892 /* Project object */;
}
